hash: c231eb50504692c4cca01508a15100d6ffb72cb48bc9d9c1e54bbb1a69752242
updated: 2016-02-28T21:44:36.676133789-06:00
imports:
- name: github.com/boltdb/bolt
  version: 9af8da5df3ab9ed7e8984cdfa97657ad9e60fc5f
- name: github.com/codegangsta/cli
  version: a2943485b110df8842045ae0600047f88a3a56a1
- name: github.com/codegangsta/negroni
  version: c7477ad8e330bef55bf1ebe300cf8aa67c492d1b
- name: github.com/fatih/color
  version: 4f7bcef27eec7925456d0c30c5e7b0408b3339be
- name: github.com/gorilla/mux
  version: c9e326e2bdec29039a3761c07bece13133863e1e
devImports: []
