hash: bc563cf2ae4b7fe7a94a1f650cb3fcf78f1a193b4e47dc82f9f6cca6751d1420
updated: 2016-12-11T22:01:00.63482874-05:00
imports:
- name: github.com/antonholmquist/jason
  version: 962e09b85496e2e158eec1567fb4c826ce3d55d1
- name: github.com/boltdb/bolt
  version: 583e8937c61f1af6513608ccc75c97b6abdf4ff9
- name: github.com/codegangsta/negroni
  version: c7477ad8e330bef55bf1ebe300cf8aa67c492d1b
- name: github.com/fatih/color
  version: 9aae6aaa22315390f03959adca2c4d395b02fcef
- name: github.com/garyburd/redigo
  version: ffa8d46ada782d81cfda81a0fbd9f45ceae448e8
  subpackages:
  - internal
  - redis
- name: github.com/gorilla/context
  version: 215affda49addc4c8ef7e2534915df2c8c35c6cd
- name: github.com/gorilla/http
  version: 5dff1c014197bd33cbefc3ff9de164ada759b81b
  subpackages:
  - client
- name: github.com/gorilla/mux
  version: 26a6070f849969ba72b72256e9f14cf519751690
- name: github.com/mattn/go-colorable
  version: 4af63d73f5bea08b682ad2cd198b1e607afd6be0
- name: github.com/mattn/go-isatty
  version: 56b76bdf51f7708750eac80fa38b952bb9f32639
- name: github.com/urfave/cli
  version: d9021faab69f92295ef7061bd39e4a76dcbdef32
- name: golang.org/x/sys
  version: 7a56174f0086b32866ebd746a794417edbc678a1
  subpackages:
  - unix
- name: gopkg.in/bsm/ratelimit.v1
  version: db14e161995a5177acef654cb0dd785e8ee8bc22
- name: gopkg.in/redis.v5
  version: 6f8957c5b7dece15d1ea5f592ec88f46ee2deffa
  subpackages:
  - internal
  - internal/consistenthash
  - internal/hashtag
  - internal/pool
  - internal/proto
testImports:
- name: github.com/rafaeljusto/redigomock
  version: 8a39246926d9f2a732f775c5b360d7078191cbbd
